<?xml version="1.0" encoding="utf-8"?>
<Project ToolsVersion="4.0" xmlns="http://schemas.microsoft.com/developer/msbuild/2003">
  <ItemGroup>
    <Filter Include="Source Files">
      <UniqueIdentifier>{4FC737F1-C7A5-4376-A066-2A32D752A2FF}</UniqueIdentifier>
      <Extensions>cpp;c;cc;cxx;def;odl;idl;hpj;bat;asm;asmx</Extensions>
    </Filter>
    <Filter Include="Header Files">
      <UniqueIdentifier>{93995380-89BD-4b04-88EB-625FBE52EBFB}</UniqueIdentifier>
      <Extensions>h;hh;hpp;hxx;hm;inl;inc;xsd</Extensions>
    </Filter>
    <Filter Include="Resource Files">
      <UniqueIdentifier>{D9D6E242-F8AF-46E4-B9FD-80ECBC20BA3E}</UniqueIdentifier>
      <Extensions>qrc;*</Extensions>
      <ParseFiles>false</ParseFiles>
    </Filter>
    <Filter Include="Form Files">
      <UniqueIdentifier>{99349809-55BA-4b9d-BF79-8FDBB0286EB3}</UniqueIdentifier>
      <Extensions>ui</Extensions>
    </Filter>
    <Filter Include="Resource Files">
      <UniqueIdentifier>{D9D6E242-F8AF-46E4-B9FD-80ECBC20BA3E}</UniqueIdentifier>
      <Extensions>qrc;*</Extensions>
      <ParseFiles>false</ParseFiles>
    </Filter>
  </ItemGroup>
  <ItemGroup>
    <ClCompile Include="main.cpp">
      <Filter>Source Files</Filter>
    </ClCompile>
    <ClCompile Include="stdafx.cpp">
      <Filter>Source Files</Filter>
    </ClCompile>
    <ClCompile Include="qcoolplayer.cpp">
      <Filter>Source Files</Filter>
    </ClCompile>
    <ClCompile Include="src\cpDecoderFfmpeg.cpp">
      <Filter>Source Files</Filter>
    </ClCompile>
    <ClCompile Include="src\cpThread.cpp">
      <Filter>Source Files</Filter>
    </ClCompile>
    <ClCompile Include="src\cpUsbMonitor.cpp">
      <Filter>Source Files</Filter>
    </ClCompile>
    <ClCompile Include="src\cpRenderArea.cpp">
      <Filter>Source Files</Filter>
    </ClCompile>
  </ItemGroup>
  <ItemGroup>
    <ClInclude Include="stdafx.h">
      <Filter>Header Files</Filter>
    </ClInclude>
    <ClInclude Include="src\stdafx.h">
      <Filter>Header Files</Filter>
    </ClInclude>
    <ClInclude Include="src\cpDecoderFfmpeg.h">
      <Filter>Header Files</Filter>
    </ClInclude>
    <ClInclude Include="ffmpeg-4.2.2\include\libavcodec\ac3_parser.h">
      <Filter>Header Files</Filter>
    </ClInclude>
    <ClInclude Include="ffmpeg-4.2.2\include\libavcodec\adts_parser.h">
      <Filter>Header Files</Filter>
    </ClInclude>
    <ClInclude Include="ffmpeg-4.2.2\include\libavcodec\avcodec.h">
      <Filter>Header Files</Filter>
    </ClInclude>
    <ClInclude Include="ffmpeg-4.2.2\include\libavcodec\avdct.h">
      <Filter>Header Files</Filter>
    </ClInclude>
    <ClInclude Include="ffmpeg-4.2.2\include\libavcodec\avfft.h">
      <Filter>Header Files</Filter>
    </ClInclude>
    <ClInclude Include="ffmpeg-4.2.2\include\libavcodec\d3d11va.h">
      <Filter>Header Files</Filter>
    </ClInclude>
    <ClInclude Include="ffmpeg-4.2.2\include\libavcodec\dirac.h">
      <Filter>Header Files</Filter>
    </ClInclude>
    <ClInclude Include="ffmpeg-4.2.2\include\libavcodec\dv_profile.h">
      <Filter>Header Files</Filter>
    </ClInclude>
    <ClInclude Include="ffmpeg-4.2.2\include\libavcodec\dxva2.h">
      <Filter>Header Files</Filter>
    </ClInclude>
    <ClInclude Include="ffmpeg-4.2.2\include\libavcodec\jni.h">
      <Filter>Header Files</Filter>
    </ClInclude>
    <ClInclude Include="ffmpeg-4.2.2\include\libavcodec\mediacodec.h">
      <Filter>Header Files</Filter>
    </ClInclude>
    <ClInclude Include="ffmpeg-4.2.2\include\libavcodec\qsv.h">
      <Filter>Header Files</Filter>
    </ClInclude>
    <ClInclude Include="ffmpeg-4.2.2\include\libavcodec\vaapi.h">
      <Filter>Header Files</Filter>
    </ClInclude>
    <ClInclude Include="ffmpeg-4.2.2\include\libavcodec\vdpau.h">
      <Filter>Header Files</Filter>
    </ClInclude>
    <ClInclude Include="ffmpeg-4.2.2\include\libavcodec\version.h">
      <Filter>Header Files</Filter>
    </ClInclude>
    <ClInclude Include="ffmpeg-4.2.2\include\libavcodec\videotoolbox.h">
      <Filter>Header Files</Filter>
    </ClInclude>
    <ClInclude Include="ffmpeg-4.2.2\include\libavcodec\vorbis_parser.h">
      <Filter>Header Files</Filter>
    </ClInclude>
    <ClInclude Include="ffmpeg-4.2.2\include\libavcodec\xvmc.h">
      <Filter>Header Files</Filter>
    </ClInclude>
    <ClInclude Include="ffmpeg-4.2.2\include\libavdevice\avdevice.h">
      <Filter>Header Files</Filter>
    </ClInclude>
    <ClInclude Include="ffmpeg-4.2.2\include\libavdevice\version.h">
      <Filter>Header Files</Filter>
    </ClInclude>
    <ClInclude Include="ffmpeg-4.2.2\include\libavfilter\avfilter.h">
      <Filter>Header Files</Filter>
    </ClInclude>
    <ClInclude Include="ffmpeg-4.2.2\include\libavfilter\buffersink.h">
      <Filter>Header Files</Filter>
    </ClInclude>
    <ClInclude Include="ffmpeg-4.2.2\include\libavfilter\buffersrc.h">
      <Filter>Header Files</Filter>
    </ClInclude>
    <ClInclude Include="ffmpeg-4.2.2\include\libavfilter\version.h">
      <Filter>Header Files</Filter>
    </ClInclude>
    <ClInclude Include="ffmpeg-4.2.2\include\libavformat\avformat.h">
      <Filter>Header Files</Filter>
    </ClInclude>
    <ClInclude Include="ffmpeg-4.2.2\include\libavformat\avio.h">
      <Filter>Header Files</Filter>
    </ClInclude>
    <ClInclude Include="ffmpeg-4.2.2\include\libavformat\version.h">
      <Filter>Header Files</Filter>
    </ClInclude>
    <ClInclude Include="ffmpeg-4.2.2\include\libavutil\adler32.h">
      <Filter>Header Files</Filter>
    </ClInclude>
    <ClInclude Include="ffmpeg-4.2.2\include\libavutil\aes.h">
      <Filter>Header Files</Filter>
    </ClInclude>
    <ClInclude Include="ffmpeg-4.2.2\include\libavutil\aes_ctr.h">
      <Filter>Header Files</Filter>
    </ClInclude>
    <ClInclude Include="ffmpeg-4.2.2\include\libavutil\attributes.h">
      <Filter>Header Files</Filter>
    </ClInclude>
    <ClInclude Include="ffmpeg-4.2.2\include\libavutil\audio_fifo.h">
      <Filter>Header Files</Filter>
    </ClInclude>
    <ClInclude Include="ffmpeg-4.2.2\include\libavutil\avassert.h">
      <Filter>Header Files</Filter>
    </ClInclude>
    <ClInclude Include="ffmpeg-4.2.2\include\libavutil\avconfig.h">
      <Filter>Header Files</Filter>
    </ClInclude>
    <ClInclude Include="ffmpeg-4.2.2\include\libavutil\avstring.h">
      <Filter>Header Files</Filter>
    </ClInclude>
    <ClInclude Include="ffmpeg-4.2.2\include\libavutil\avutil.h">
      <Filter>Header Files</Filter>
    </ClInclude>
    <ClInclude Include="ffmpeg-4.2.2\include\libavutil\base64.h">
      <Filter>Header Files</Filter>
    </ClInclude>
    <ClInclude Include="ffmpeg-4.2.2\include\libavutil\blowfish.h">
      <Filter>Header Files</Filter>
    </ClInclude>
    <ClInclude Include="ffmpeg-4.2.2\include\libavutil\bprint.h">
      <Filter>Header Files</Filter>
    </ClInclude>
    <ClInclude Include="ffmpeg-4.2.2\include\libavutil\bswap.h">
      <Filter>Header Files</Filter>
    </ClInclude>
    <ClInclude Include="ffmpeg-4.2.2\include\libavutil\buffer.h">
      <Filter>Header Files</Filter>
    </ClInclude>
    <ClInclude Include="ffmpeg-4.2.2\include\libavutil\camellia.h">
      <Filter>Header Files</Filter>
    </ClInclude>
    <ClInclude Include="ffmpeg-4.2.2\include\libavutil\cast5.h">
      <Filter>Header Files</Filter>
    </ClInclude>
    <ClInclude Include="ffmpeg-4.2.2\include\libavutil\channel_layout.h">
      <Filter>Header Files</Filter>
    </ClInclude>
    <ClInclude Include="ffmpeg-4.2.2\include\libavutil\common.h">
      <Filter>Header Files</Filter>
    </ClInclude>
    <ClInclude Include="ffmpeg-4.2.2\include\libavutil\cpu.h">
      <Filter>Header Files</Filter>
    </ClInclude>
    <ClInclude Include="ffmpeg-4.2.2\include\libavutil\crc.h">
      <Filter>Header Files</Filter>
    </ClInclude>
    <ClInclude Include="ffmpeg-4.2.2\include\libavutil\des.h">
      <Filter>Header Files</Filter>
    </ClInclude>
    <ClInclude Include="ffmpeg-4.2.2\include\libavutil\dict.h">
      <Filter>Header Files</Filter>
    </ClInclude>
    <ClInclude Include="ffmpeg-4.2.2\include\libavutil\display.h">
      <Filter>Header Files</Filter>
    </ClInclude>
    <ClInclude Include="ffmpeg-4.2.2\include\libavutil\downmix_info.h">
      <Filter>Header Files</Filter>
    </ClInclude>
    <ClInclude Include="ffmpeg-4.2.2\include\libavutil\encryption_info.h">
      <Filter>Header Files</Filter>
    </ClInclude>
    <ClInclude Include="ffmpeg-4.2.2\include\libavutil\error.h">
      <Filter>Header Files</Filter>
    </ClInclude>
    <ClInclude Include="ffmpeg-4.2.2\include\libavutil\eval.h">
      <Filter>Header Files</Filter>
    </ClInclude>
    <ClInclude Include="ffmpeg-4.2.2\include\libavutil\ffversion.h">
      <Filter>Header Files</Filter>
    </ClInclude>
    <ClInclude Include="ffmpeg-4.2.2\include\libavutil\fifo.h">
      <Filter>Header Files</Filter>
    </ClInclude>
    <ClInclude Include="ffmpeg-4.2.2\include\libavutil\file.h">
      <Filter>Header Files</Filter>
    </ClInclude>
    <ClInclude Include="ffmpeg-4.2.2\include\libavutil\frame.h">
      <Filter>Header Files</Filter>
    </ClInclude>
    <ClInclude Include="ffmpeg-4.2.2\include\libavutil\hash.h">
      <Filter>Header Files</Filter>
    </ClInclude>
    <ClInclude Include="ffmpeg-4.2.2\include\libavutil\hdr_dynamic_metadata.h">
      <Filter>Header Files</Filter>
    </ClInclude>
    <ClInclude Include="ffmpeg-4.2.2\include\libavutil\hmac.h">
      <Filter>Header Files</Filter>
    </ClInclude>
    <ClInclude Include="ffmpeg-4.2.2\include\libavutil\hwcontext.h">
      <Filter>Header Files</Filter>
    </ClInclude>
    <ClInclude Include="ffmpeg-4.2.2\include\libavutil\hwcontext_cuda.h">
      <Filter>Header Files</Filter>
    </ClInclude>
    <ClInclude Include="ffmpeg-4.2.2\include\libavutil\hwcontext_d3d11va.h">
      <Filter>Header Files</Filter>
    </ClInclude>
    <ClInclude Include="ffmpeg-4.2.2\include\libavutil\hwcontext_drm.h">
      <Filter>Header Files</Filter>
    </ClInclude>
    <ClInclude Include="ffmpeg-4.2.2\include\libavutil\hwcontext_dxva2.h">
      <Filter>Header Files</Filter>
    </ClInclude>
    <ClInclude Include="ffmpeg-4.2.2\include\libavutil\hwcontext_mediacodec.h">
      <Filter>Header Files</Filter>
    </ClInclude>
    <ClInclude Include="ffmpeg-4.2.2\include\libavutil\hwcontext_qsv.h">
      <Filter>Header Files</Filter>
    </ClInclude>
    <ClInclude Include="ffmpeg-4.2.2\include\libavutil\hwcontext_vaapi.h">
      <Filter>Header Files</Filter>
    </ClInclude>
    <ClInclude Include="ffmpeg-4.2.2\include\libavutil\hwcontext_vdpau.h">
      <Filter>Header Files</Filter>
    </ClInclude>
    <ClInclude Include="ffmpeg-4.2.2\include\libavutil\hwcontext_videotoolbox.h">
      <Filter>Header Files</Filter>
    </ClInclude>
    <ClInclude Include="ffmpeg-4.2.2\include\libavutil\imgutils.h">
      <Filter>Header Files</Filter>
    </ClInclude>
    <ClInclude Include="ffmpeg-4.2.2\include\libavutil\intfloat.h">
      <Filter>Header Files</Filter>
    </ClInclude>
    <ClInclude Include="ffmpeg-4.2.2\include\libavutil\intreadwrite.h">
      <Filter>Header Files</Filter>
    </ClInclude>
    <ClInclude Include="ffmpeg-4.2.2\include\libavutil\lfg.h">
      <Filter>Header Files</Filter>
    </ClInclude>
    <ClInclude Include="ffmpeg-4.2.2\include\libavutil\log.h">
      <Filter>Header Files</Filter>
    </ClInclude>
    <ClInclude Include="ffmpeg-4.2.2\include\libavutil\lzo.h">
      <Filter>Header Files</Filter>
    </ClInclude>
    <ClInclude Include="ffmpeg-4.2.2\include\libavutil\macros.h">
      <Filter>Header Files</Filter>
    </ClInclude>
    <ClInclude Include="ffmpeg-4.2.2\include\libavutil\mastering_display_metadata.h">
      <Filter>Header Files</Filter>
    </ClInclude>
    <ClInclude Include="ffmpeg-4.2.2\include\libavutil\mathematics.h">
      <Filter>Header Files</Filter>
    </ClInclude>
    <ClInclude Include="ffmpeg-4.2.2\include\libavutil\md5.h">
      <Filter>Header Files</Filter>
    </ClInclude>
    <ClInclude Include="ffmpeg-4.2.2\include\libavutil\mem.h">
      <Filter>Header Files</Filter>
    </ClInclude>
    <ClInclude Include="ffmpeg-4.2.2\include\libavutil\motion_vector.h">
      <Filter>Header Files</Filter>
    </ClInclude>
    <ClInclude Include="ffmpeg-4.2.2\include\libavutil\murmur3.h">
      <Filter>Header Files</Filter>
    </ClInclude>
    <ClInclude Include="ffmpeg-4.2.2\include\libavutil\opt.h">
      <Filter>Header Files</Filter>
    </ClInclude>
    <ClInclude Include="ffmpeg-4.2.2\include\libavutil\parseutils.h">
      <Filter>Header Files</Filter>
    </ClInclude>
    <ClInclude Include="ffmpeg-4.2.2\include\libavutil\pixdesc.h">
      <Filter>Header Files</Filter>
    </ClInclude>
    <ClInclude Include="ffmpeg-4.2.2\include\libavutil\pixelutils.h">
      <Filter>Header Files</Filter>
    </ClInclude>
    <ClInclude Include="ffmpeg-4.2.2\include\libavutil\pixfmt.h">
      <Filter>Header Files</Filter>
    </ClInclude>
    <ClInclude Include="ffmpeg-4.2.2\include\libavutil\random_seed.h">
      <Filter>Header Files</Filter>
    </ClInclude>
    <ClInclude Include="ffmpeg-4.2.2\include\libavutil\rational.h">
      <Filter>Header Files</Filter>
    </ClInclude>
    <ClInclude Include="ffmpeg-4.2.2\include\libavutil\rc4.h">
      <Filter>Header Files</Filter>
    </ClInclude>
    <ClInclude Include="ffmpeg-4.2.2\include\libavutil\replaygain.h">
      <Filter>Header Files</Filter>
    </ClInclude>
    <ClInclude Include="ffmpeg-4.2.2\include\libavutil\ripemd.h">
      <Filter>Header Files</Filter>
    </ClInclude>
    <ClInclude Include="ffmpeg-4.2.2\include\libavutil\samplefmt.h">
      <Filter>Header Files</Filter>
    </ClInclude>
    <ClInclude Include="ffmpeg-4.2.2\include\libavutil\sha.h">
      <Filter>Header Files</Filter>
    </ClInclude>
    <ClInclude Include="ffmpeg-4.2.2\include\libavutil\sha512.h">
      <Filter>Header Files</Filter>
    </ClInclude>
    <ClInclude Include="ffmpeg-4.2.2\include\libavutil\spherical.h">
      <Filter>Header Files</Filter>
    </ClInclude>
    <ClInclude Include="ffmpeg-4.2.2\include\libavutil\stereo3d.h">
      <Filter>Header Files</Filter>
    </ClInclude>
    <ClInclude Include="ffmpeg-4.2.2\include\libavutil\tea.h">
      <Filter>Header Files</Filter>
    </ClInclude>
    <ClInclude Include="ffmpeg-4.2.2\include\libavutil\threadmessage.h">
      <Filter>Header Files</Filter>
    </ClInclude>
    <ClInclude Include="ffmpeg-4.2.2\include\libavutil\time.h">
      <Filter>Header Files</Filter>
    </ClInclude>
    <ClInclude Include="ffmpeg-4.2.2\include\libavutil\timecode.h">
      <Filter>Header Files</Filter>
    </ClInclude>
    <ClInclude Include="ffmpeg-4.2.2\include\libavutil\timestamp.h">
      <Filter>Header Files</Filter>
    </ClInclude>
    <ClInclude Include="ffmpeg-4.2.2\include\libavutil\tree.h">
      <Filter>Header Files</Filter>
    </ClInclude>
    <ClInclude Include="ffmpeg-4.2.2\include\libavutil\twofish.h">
      <Filter>Header Files</Filter>
    </ClInclude>
    <ClInclude Include="ffmpeg-4.2.2\include\libavutil\tx.h">
      <Filter>Header Files</Filter>
    </ClInclude>
    <ClInclude Include="ffmpeg-4.2.2\include\libavutil\version.h">
      <Filter>Header Files</Filter>
    </ClInclude>
    <ClInclude Include="ffmpeg-4.2.2\include\libavutil\xtea.h">
      <Filter>Header Files</Filter>
    </ClInclude>
    <ClInclude Include="ffmpeg-4.2.2\include\libpostproc\postprocess.h">
      <Filter>Header Files</Filter>
    </ClInclude>
    <ClInclude Include="ffmpeg-4.2.2\include\libpostproc\version.h">
      <Filter>Header Files</Filter>
    </ClInclude>
    <ClInclude Include="ffmpeg-4.2.2\include\libswresample\swresample.h">
      <Filter>Header Files</Filter>
    </ClInclude>
    <ClInclude Include="ffmpeg-4.2.2\include\libswresample\version.h">
      <Filter>Header Files</Filter>
    </ClInclude>
    <ClInclude Include="ffmpeg-4.2.2\include\libswscale\swscale.h">
      <Filter>Header Files</Filter>
    </ClInclude>
    <ClInclude Include="ffmpeg-4.2.2\include\libswscale\version.h">
      <Filter>Header Files</Filter>
    </ClInclude>
    <ClInclude Include="src\cpUsbMonitor.h">
      <Filter>Header Files</Filter>
    </ClInclude>
    <ClInclude Include="src\cpThreadSafeQueue.h">
      <Filter>Header Files</Filter>
    </ClInclude>
    <ClInclude Include="src\cpStructData.h">
      <Filter>Header Files</Filter>
    </ClInclude>
    <ClInclude Include="libusb-1.0.22\include\libusb-1.0\libusb.h">
      <Filter>Header Files</Filter>
    </ClInclude>
  </ItemGroup>
  <ItemGroup>
    <QtMoc Include="qcoolplayer.h">
      <Filter>Header Files</Filter>
    </QtMoc>
    <QtMoc Include="src\cpThread.h">
      <Filter>Header Files</Filter>
    </QtMoc>
    <QtMoc Include="src\cpRenderArea.h">
      <Filter>Header Files</Filter>
    </QtMoc>
  </ItemGroup>
  <ItemGroup>
    <QtUic Include="qcoolplayer.ui">
      <Filter>Form Files</Filter>
    </QtUic>
  </ItemGroup>
  <ItemGroup>
    <QtRcc Include="qcoolplayer.qrc">
      <Filter>Resource Files</Filter>
    </QtRcc>
  </ItemGroup>
  <ItemGroup>
    <ResourceCompile Include="QCoolPlayer.rc" />
  </ItemGroup>
  <ItemGroup>
    <Image Include="QCoolPlayer.ico" />
    <Image Include="picture\background.png" />
    <Image Include="picture\LOGO3-red.png" />
  </ItemGroup>
  <ItemGroup>
    <None Include="QCoolPlayer.aps" />
    <None Include=".gitignore" />
    <None Include="ffmpeg-4.2.2\dll\avcodec-58.dll" />
    <None Include="ffmpeg-4.2.2\dll\avdevice-58.dll" />
    <None Include="ffmpeg-4.2.2\dll\avfilter-7.dll" />
    <None Include="ffmpeg-4.2.2\dll\avformat-58.dll" />
    <None Include="ffmpeg-4.2.2\dll\avutil-56.dll" />
    <None Include="ffmpeg-4.2.2\dll\postproc-55.dll" />
    <None Include="ffmpeg-4.2.2\dll\swresample-3.dll" />
    <None Include="ffmpeg-4.2.2\dll\swscale-5.dll" />
    <None Include="ffmpeg-4.2.2\lib\avcodec-58.def">
      <Filter>Source Files</Filter>
    </None>
    <None Include="ffmpeg-4.2.2\lib\avdevice-58.def">
      <Filter>Source Files</Filter>
    </None>
    <None Include="ffmpeg-4.2.2\lib\avfilter-7.def">
      <Filter>Source Files</Filter>
    </None>
    <None Include="ffmpeg-4.2.2\lib\avformat-58.def">
      <Filter>Source Files</Filter>
    </None>
    <None Include="ffmpeg-4.2.2\lib\avutil-56.def">
      <Filter>Source Files</Filter>
    </None>
    <None Include="ffmpeg-4.2.2\lib\postproc-55.def">
      <Filter>Source Files</Filter>
    </None>
    <None Include="ffmpeg-4.2.2\lib\swresample-3.def">
      <Filter>Source Files</Filter>
    </None>
    <None Include="ffmpeg-4.2.2\lib\swscale-5.def">
      <Filter>Source Files</Filter>
    </None>
    <None Include="README.md" />
  </ItemGroup>
  <ItemGroup>
    <Library Include="ffmpeg-4.2.2\lib\avcodec.lib" />
    <Library Include="ffmpeg-4.2.2\lib\avdevice.lib" />
    <Library Include="ffmpeg-4.2.2\lib\avfilter.lib" />
    <Library Include="ffmpeg-4.2.2\lib\avformat.lib" />
    <Library Include="ffmpeg-4.2.2\lib\avutil.lib" />
    <Library Include="ffmpeg-4.2.2\lib\libavcodec.dll.a" />
    <Library Include="ffmpeg-4.2.2\lib\libavdevice.dll.a" />
    <Library Include="ffmpeg-4.2.2\lib\libavfilter.dll.a" />
    <Library Include="ffmpeg-4.2.2\lib\libavformat.dll.a" />
    <Library Include="ffmpeg-4.2.2\lib\libavutil.dll.a" />
    <Library Include="ffmpeg-4.2.2\lib\libpostproc.dll.a" />
    <Library Include="ffmpeg-4.2.2\lib\libswresample.dll.a" />
    <Library Include="ffmpeg-4.2.2\lib\libswscale.dll.a" />
    <Library Include="ffmpeg-4.2.2\lib\postproc.lib" />
    <Library Include="ffmpeg-4.2.2\lib\swresample.lib" />
    <Library Include="ffmpeg-4.2.2\lib\swscale.lib" />
    <Library Include="libusb-1.0.22\MS64\static\libusb-1.0.lib" />
  </ItemGroup>
</Project>